// !$*UTF8*$!
{
	archiveVersion = 1;
	classes = {
	};
	objectVersion = 46;
	objects = {

/* Begin PBXBuildFile section */
		55ED53B41D73DE2E005669DC /* AppDelegate.swift in Sources */ = {isa = PBXBuildFile; fileRef = 55ED53B31D73DE2E005669DC /* AppDelegate.swift */; };
		55ED53B61D73DE2E005669DC /* ViewController.swift in Sources */ = {isa = PBXBuildFile; fileRef = 55ED53B51D73DE2E005669DC /* ViewController.swift */; };
		55ED53B91D73DE2E005669DC /* Main.storyboard in Resources */ = {isa = PBXBuildFile; fileRef = 55ED53B71D73DE2E005669DC /* Main.storyboard */; };
		55ED53BB1D73DE2E005669DC /* Assets.xcassets in Resources */ = {isa = PBXBuildFile; fileRef = 55ED53BA1D73DE2E005669DC /* Assets.xcassets */; };
		55ED53BE1D73DE2E005669DC /* LaunchScreen.storyboard in Resources */ = {isa = PBXBuildFile; fileRef = 55ED53BC1D73DE2E005669DC /* LaunchScreen.storyboard */; };
/* End PBXBuildFile section */

/* Begin PBXFileReference section */
		55ED53B01D73DE2E005669DC /* WeiBo.app */ = {isa = PBXFileReference; explicitFileType = wrapper.application; includeInIndex = 0; path = WeiBo.app; sourceTree = BUILT_PRODUCTS_DIR; };
		55ED53B31D73DE2E005669DC /* AppDelegate.swift */ = {isa = PBXFileReference; lastKnownFileType = sourcecode.swift; path = AppDelegate.swift; sourceTree = "<group>"; };
		55ED53B51D73DE2E005669DC /* ViewController.swift */ = {isa = PBXFileReference; lastKnownFileType = sourcecode.swift; path = ViewController.swift; sourceTree = "<group>"; };
		55ED53B81D73DE2E005669DC /* Base */ = {isa = PBXFileReference; lastKnownFileType = file.storyboard; name = Base; path = Base.lproj/Main.storyboard; sourceTree = "<group>"; };
		55ED53BA1D73DE2E005669DC /* Assets.xcassets */ = {isa = PBXFileReference; lastKnownFileType = folder.assetcatalog; path = Assets.xcassets; sourceTree = "<group>"; };
		55ED53BD1D73DE2E005669DC /* Base */ = {isa = PBXFileReference; lastKnownFileType = file.storyboard; name = Base; path = Base.lproj/LaunchScreen.storyboard; sourceTree = "<group>"; };
		55ED53BF1D73DE2E005669DC /* Info.plist */ = {isa = PBXFileReference; lastKnownFileType = text.plist.xml; path = Info.plist; sourceTree = "<group>"; };
/* End PBXFileReference section */

/* Begin PBXFrameworksBuildPhase section */
		55ED53AD1D73DE2E005669DC /* Frameworks */ = {
			isa = PBXFrameworksBuildPhase;
			buildActionMask = 2147483647;
			files = (
			);
			runOnlyForDeploymentPostprocessing = 0;
		};
/* End PBXFrameworksBuildPhase section */

/* Begin PBXGroup section */
		55ED53A71D73DE2E005669DC = {
			isa = PBXGroup;
			children = (
				55ED53B21D73DE2E005669DC /* WeiBo */,
				55ED53B11D73DE2E005669DC /* Products */,
			);
			sourceTree = "<group>";
		};
		55ED53B11D73DE2E005669DC /* Products */ = {
			isa = PBXGroup;
			children = (
				55ED53B01D73DE2E005669DC /* WeiBo.app */,
			);
			name = Products;
			sourceTree = "<group>";
		};
		55ED53B21D73DE2E005669DC /* WeiBo */ = {
			isa = PBXGroup;
			children = (
				55ED53B31D73DE2E005669DC /* AppDelegate.swift */,
				55ED53B51D73DE2E005669DC /* ViewController.swift */,
				55ED53B71D73DE2E005669DC /* Main.storyboard */,
				55ED53BA1D73DE2E005669DC /* Assets.xcassets */,
				55ED53BC1D73DE2E005669DC /* LaunchScreen.storyboard */,
				55ED53BF1D73DE2E005669DC /* Info.plist */,
			);
			path = WeiBo;
			sourceTree = "<group>";
		};
/* End PBXGroup section */

/* Begin PBXNativeTarget section */
		55ED53AF1D73DE2E005669DC /* WeiBo */ = {
			isa = PBXNativeTarget;
			buildConfigurationList = 55ED53C21D73DE2E005669DC /* Build configuration list for PBXNativeTarget "WeiBo" */;
			buildPhases = (
				55ED53AC1D73DE2E005669DC /* Sources */,
				55ED53AD1D73DE2E005669DC /* Frameworks */,
				55ED53AE1D73DE2E005669DC /* Resources */,
			);
			buildRules = (
			);
			dependencies = (
			);
			name = WeiBo;
			productName = WeiBo;
			productReference = 55ED53B01D73DE2E005669DC /* WeiBo.app */;
			productType = "com.apple.product-type.application";
		};
/* End PBXNativeTarget section */

/* Begin PBXProject section */
		55ED53A81D73DE2E005669DC /* Project object */ = {
			isa = PBXProject;
			attributes = {
				LastSwiftUpdateCheck = 0730;
				LastUpgradeCheck = 0730;
				ORGANIZATIONNAME = HomerIce;
				TargetAttributes = {
					55ED53AF1D73DE2E005669DC = {
						CreatedOnToolsVersion = 7.3.1;
						DevelopmentTeam = 3U4T4928GM;
					};
				};
			};
			buildConfigurationList = 55ED53AB1D73DE2E005669DC /* Build configuration list for PBXProject "WeiBo" */;
			compatibilityVersion = "Xcode 3.2";
			developmentRegion = English;
			hasScannedForEncodings = 0;
			knownRegions = (
				en,
				Base,
			);
			mainGroup = 55ED53A71D73DE2E005669DC;
			productRefGroup = 55ED53B11D73DE2E005669DC /* Products */;
			projectDirPath = "";
			projectRoot = "";
			targets = (
				55ED53AF1D73DE2E005669DC /* WeiBo */,
			);
		};
/* End PBXProject section */

/* Begin PBXResourcesBuildPhase section */
		55ED53AE1D73DE2E005669DC /* Resources */ = {
			isa = PBXResourcesBuildPhase;
			buildActionMask = 2147483647;
			files = (
				55ED53BE1D73DE2E005669DC /* LaunchScreen.storyboard in Resources */,
				55ED53BB1D73DE2E005669DC /* Assets.xcassets in Resources */,
				55ED53B91D73DE2E005669DC /* Main.storyboard in Resources */,
			);
			runOnlyForDeploymentPostprocessing = 0;
		};
/* End PBXResourcesBuildPhase section */

/* Begin PBXSourcesBuildPhase section */
		55ED53AC1D73DE2E005669DC /* Sources */ = {
			isa = PBXSourcesBuildPhase;
			buildActionMask = 2147483647;
			files = (
				55ED53B61D73DE2E005669DC /* ViewController.swift in Sources */,
				55ED53B41D73DE2E005669DC /* AppDelegate.swift in Sources */,
			);
			runOnlyForDeploymentPostprocessing = 0;
		};
/* End PBXSourcesBuildPhase section */

/* Begin PBXVariantGroup section */
		55ED53B71D73DE2E005669DC /* Main.storyboard */ = {
			isa = PBXVariantGroup;
			children = (
				55ED53B81D73DE2E005669DC /* Base */,
			);
			name = Main.storyboard;
			sourceTree = "<group>";
		};
		55ED53BC1D73DE2E005669DC /* LaunchScreen.storyboard */ = {
			isa = PBXVariantGroup;
			children = (
				55ED53BD1D73DE2E005669DC /* Base */,
			);
			name = LaunchScreen.storyboard;
			sourceTree = "<group>";
		};
/* End PBXVariantGroup section */

/* Begin XCBuildConfiguration section */
		55ED53C01D73DE2E005669DC /* Debug */ = {
			isa = XCBuildConfiguration;
			buildSettings = {
				ALWAYS_SEARCH_USER_PATHS = NO;
				CLANG_ANALYZER_NONNULL = YES;
				CLANG_CXX_LANGUAGE_STANDARD = "gnu++0x";
				CLANG_CXX_LIBRARY = "libc++";
				CLANG_ENABLE_MODULES = YES;
				CLANG_ENABLE_OBJC_ARC = YES;
				CLANG_WARN_BOOL_CONVERSION = YES;
				CLANG_WARN_CONSTANT_CONVERSION = YES;
				CLANG_WARN_DIRECT_OBJC_ISA_USAGE = YES_ERROR;
				CLANG_WARN_EMPTY_BODY = YES;
				CLANG_WARN_ENUM_CONVERSION = YES;
				CLANG_WARN_INT_CONVERSION = YES;
				CLANG_WARN_OBJC_ROOT_CLASS = YES_ERROR;
				CLANG_WARN_UNREACHABLE_CODE = YES;
				CLANG_WARN__DUPLICATE_METHOD_MATCH = YES;
				"CODE_SIGN_IDENTITY[sdk=iphoneos*]" = "iPhone Developer";
				COPY_PHASE_STRIP = NO;
				DEBUG_INFORMATION_FORMAT = dwarf;
				ENABLE_STRICT_OBJC_MSGSEND = YES;
				ENABLE_TESTABILITY = YES;
				GCC_C_LANGUAGE_STANDARD = gnu99;
				GCC_DYNAMIC_NO_PIC = NO;
				GCC_NO_COMMON_BLOCKS = YES;
				GCC_OPTIMIZATION_LEVEL = 0;
				GCC_PREPROCESSOR_DEFINITIONS = (
					"DEBUG=1",
					"$(inherited)",
				);
				GCC_WARN_64_TO_32_BIT_CONVERSION = YES;
				GCC_WARN_ABOUT_RETURN_TYPE = YES_ERROR;
				GCC_WARN_UNDECLARED_SELECTOR = YES;
				GCC_WARN_UNINITIALIZED_AUTOS = YES_AGGRESSIVE;
				GCC_WARN_UNUSED_FUNCTION = YES;
				GCC_WARN_UNUSED_VARIABLE = YES;
				IPHONEOS_DEPLOYMENT_TARGET = 9.3;
				MTL_ENABLE_DEBUG_INFO = YES;
				ONLY_ACTIVE_ARCH = YES;
				SDKROOT = iphoneos;
				SWIFT_OPTIMIZATION_LEVEL = "-Onone";
				TARGETED_DEVICE_FAMILY = "1,2";
			};
			name = Debug;
		};
		55ED53C11D73DE2E005669DC /* Release */ = {
			isa = XCBuildConfiguration;
			buildSettings = {
				ALWAYS_SEARCH_USER_PATHS = NO;
				CLANG_ANALYZER_NONNULL = YES;
				CLANG_CXX_LANGUAGE_STANDARD = "gnu++0x";
				CLANG_CXX_LIBRARY = "libc++";
				CLANG_ENABLE_MODULES = YES;
				CLANG_ENABLE_OBJC_ARC = YES;
				CLANG_WARN_BOOL_CONVERSION = YES;
				CLANG_WARN_CONSTANT_CONVERSION = YES;
				CLANG_WARN_DIRECT_OBJC_ISA_USAGE = YES_ERROR;
				CLANG_WARN_EMPTY_BODY = YES;
				CLANG_WARN_ENUM_CONVERSION = YES;
				CLANG_WARN_INT_CONVERSION = YES;
				CLANG_WARN_OBJC_ROOT_CLASS = YES_ERROR;
				CLANG_WARN_UNREACHABLE_CODE = YES;
				CLANG_WARN__DUPLICATE_METHOD_MATCH = YES;
				"CODE_SIGN_IDENTITY[sdk=iphoneos*]" = "iPhone Developer";
				COPY_PHASE_STRIP = NO;
				DEBUG_INFORMATION_FORMAT = "dwarf-with-dsym";
				ENABLE_NS_ASSERTIONS = NO;
				ENABLE_STRICT_OBJC_MSGSEND = YES;
				GCC_C_LANGUAGE_STANDARD = gnu99;
				GCC_NO_COMMON_BLOCKS = YES;
				GCC_WARN_64_TO_32_BIT_CONVERSION = YES;
				GCC_WARN_ABOUT_RETURN_TYPE = YES_ERROR;
				GCC_WARN_UNDECLARED_SELECTOR = YES;
				GCC_WARN_UNINITIALIZED_AUTOS = YES_AGGRESSIVE;
				GCC_WARN_UNUSED_FUNCTION = YES;
				GCC_WARN_UNUSED_VARIABLE = YES;
				IPHONEOS_DEPLOYMENT_TARGET = 9.3;
				MTL_ENABLE_DEBUG_INFO = NO;
				SDKROOT = iphoneos;
				TARGETED_DEVICE_FAMILY = "1,2";
				VALIDATE_PRODUCT = YES;
			};
			name = Release;
		};
		55ED53C31D73DE2E005669DC /* Debug */ = {
			isa = XCBuildConfiguration;
			buildSettings = {
				ASSETCATALOG_COMPILER_APPICON_NAME = AppIcon;
				INFOPLIST_FILE = WeiBo/Info.plist;
				LD_RUNPATH_SEARCH_PATHS = "$(inherited) @executable_path/Frameworks";
				PRODUCT_BUNDLE_IDENTIFIER = HomerIce.WeiBo;
				PRODUCT_NAME = "$(TARGET_NAME)";
			};
			name = Debug;
		};
		55ED53C41D73DE2E005669DC /* Release */ = {
			isa = XCBuildConfiguration;
			buildSettings = {
				ASSETCATALOG_COMPILER_APPICON_NAME = AppIcon;
				INFOPLIST_FILE = WeiBo/Info.plist;
				LD_RUNPATH_SEARCH_PATHS = "$(inherited) @executable_path/Frameworks";
				PRODUCT_BUNDLE_IDENTIFIER = HomerIce.WeiBo;
				PRODUCT_NAME = "$(TARGET_NAME)";
			};
			name = Release;
		};
/* End XCBuildConfiguration section */

/* Begin XCConfigurationList section */
		55ED53AB1D73DE2E005669DC /* Build configuration list for PBXProject "WeiBo" */ = {
			isa = XCConfigurationList;
			buildConfigurations = (
				55ED53C01D73DE2E005669DC /* Debug */,
				55ED53C11D73DE2E005669DC /* Release */,
			);
			defaultConfigurationIsVisible = 0;
			defaultConfigurationName = Release;
		};
		55ED53C21D73DE2E005669DC /* Build configuration list for PBXNativeTarget "WeiBo" */ = {
			isa = XCConfigurationList;
			buildConfigurations = (
				55ED53C31D73DE2E005669DC /* Debug */,
				55ED53C41D73DE2E005669DC /* Release */,
			);
			defaultConfigurationIsVisible = 0;
		};
/* End XCConfigurationList section */
	};
	rootObject = 55ED53A81D73DE2E005669DC /* Project object */;
}
